
Microsoft Visual Studio Solution File, Format Version 12.00
# OpusStudio Solution File, Format Version 12.00
VisualStudioVersion = 14.0.25420.1
MinimumVisualStudioVersion = 10.0.40219.1
Project("{F7C66CDC-67D7-4D1F-AAA5-AF54F0881584}") = "tensorflow-lite", "tensorflow-lite.opusxproj", "{BE1FE98A-00C0-4CB5-8D25-26DF17B067F7}"
EndProject
Project("{F7C66CDC-67D7-4D1F-AAA5-AF54F0881584}") = "benchmark", "benchmark.opusxproj", "{803CAE99-D09F-4A33-AAE1-4C0D7D34A7DF}"
EndProject
Global
	GlobalSection(SolutionConfigurationPlatforms) = preSolution
		Debug|Opus = Debug|Opus
		Release|Opus = Release|Opus
	EndGlobalSection
	GlobalSection(ProjectConfigurationPlatforms) = postSolution
		{BE1FE98A-00C0-4CB5-8D25-26DF17B067F7}.Debug|Opus.ActiveCfg = Debug|Opus
		{BE1FE98A-00C0-4CB5-8D25-26DF17B067F7}.Debug|Opus.Build.0 = Debug|Opus
		{BE1FE98A-00C0-4CB5-8D25-26DF17B067F7}.Release|Opus.ActiveCfg = Release|Opus
		{BE1FE98A-00C0-4CB5-8D25-26DF17B067F7}.Release|Opus.Build.0 = Release|Opus
		{803CAE99-D09F-4A33-AAE1-4C0D7D34A7DF}.Debug|Opus.ActiveCfg = Debug|Opus
		{803CAE99-D09F-4A33-AAE1-4C0D7D34A7DF}.Debug|Opus.Build.0 = Debug|Opus
		{803CAE99-D09F-4A33-AAE1-4C0D7D34A7DF}.Release|Opus.ActiveCfg = Release|Opus
		{803CAE99-D09F-4A33-AAE1-4C0D7D34A7DF}.Release|Opus.Build.0 = Release|Opus
	EndGlobalSection
	GlobalSection(SolutionProperties) = preSolution
		HideSolutionNode = FALSE
	EndGlobalSection
EndGlobal
